{
  "requires": true,
  "lockfileVersion": 1,
  "dependencies": {
    "isexe": {
      "version": "2.0.0",
      "resolved": "https://registry.npmjs.org/isexe/-/isexe-2.0.0.tgz",
      "integrity": "sha1-6PvzdNxVb/iUehDcsFctYz8s+hA=",
      "dev": true
    },
    "purescript-language-server": {
      "version": "0.12.7",
      "resolved": "https://registry.npmjs.org/purescript-language-server/-/purescript-language-server-0.12.7.tgz",
      "integrity": "sha512-uXYrzoKPjlgEOgJqctqcfddtkCa57N3/1t2wENxS8TnxJnZt1j/LVQCWMhrEUfw90DPohhRKaaQmdrWrCpq9ow==",
      "dev": true,
      "requires": {
        "vscode-languageserver": "^3.2.0",
        "vscode-uri": "^1.0.0",
        "which": "^1.2.9"
      }
    },
    "vscode-jsonrpc": {
      "version": "3.5.0",
      "resolved": "https://registry.npmjs.org/vscode-jsonrpc/-/vscode-jsonrpc-3.5.0.tgz",
      "integrity": "sha1-hyOdnhZrLXNSJFuKgTWXgEwdY6o=",
      "dev": true
    },
    "vscode-languageserver": {
      "version": "3.5.1",
      "resolved": "https://registry.npmjs.org/vscode-languageserver/-/vscode-languageserver-3.5.1.tgz",
      "integrity": "sha512-RYUKn0DgHTFcS8kS4VaNCjNMaQXYqiXdN9bKrFjXzu5RPKfjIYcoh47oVWwZj4L3R/DPB0Se7HPaDatvYY2XgQ==",
      "dev": true,
      "requires": {
        "vscode-languageserver-protocol": "3.5.1",
        "vscode-uri": "^1.0.1"
      }
    },
    "vscode-languageserver-protocol": {
      "version": "3.5.1",
      "resolved": "https://registry.npmjs.org/vscode-languageserver-protocol/-/vscode-languageserver-protocol-3.5.1.tgz",
      "integrity": "sha512-1fPDIwsAv1difCV+8daOrJEGunClNJWqnUHq/ncWrjhitKWXgGmRCjlwZ3gDUTt54yRcvXz1PXJDaRNvNH6pYA==",
      "dev": true,
      "requires": {
        "vscode-jsonrpc": "3.5.0",
        "vscode-languageserver-types": "3.5.0"
      }
    },
    "vscode-languageserver-types": {
      "version": "3.5.0",
      "resolved": "https://registry.npmjs.org/vscode-languageserver-types/-/vscode-languageserver-types-3.5.0.tgz",
      "integrity": "sha1-5I15li8LjgLelV4/UkkI4rGcA3Q=",
      "dev": true
    },
    "vscode-uri": {
      "version": "1.0.8",
      "resolved": "https://registry.npmjs.org/vscode-uri/-/vscode-uri-1.0.8.tgz",
      "integrity": "sha512-obtSWTlbJ+a+TFRYGaUumtVwb+InIUVI0Lu0VBUAPmj2cU5JutEXg3xUE0c2J5Tcy7h2DEKVJBFi+Y9ZSFzzPQ==",
      "dev": true
    },
    "which": {
      "version": "1.3.1",
      "resolved": "https://registry.npmjs.org/which/-/which-1.3.1.tgz",
      "integrity": "sha512-HxJdYWq1MTIQbJ3nw0cqssHoTNU267KlrDuGZ1WYlxDStUtKUhOaJmh112/TZmHxxUfuJqPXSOm7tDyas0OSIQ==",
      "dev": true,
      "requires": {
        "isexe": "^2.0.0"
      }
    }
  }
}
